
Microsoft Visual Studio Solution File, Format Version 12.00
# Visual Studio Version 16
VisualStudioVersion = 16.0.31019.35
MinimumVisualStudioVersion = 10.0.40219.1
Project("{FAE04EC0-301F-11D3-BF4B-00C04F79EFBC}") = "Events", "Events.csproj", "{93CD787A-B439-470A-9E5B-82E7B5489E56}"
EndProject
Global
	GlobalSection(SolutionConfigurationPlatforms) = preSolution
		Debug|Any CPU = Debug|Any CPU
		Release|Any CPU = Release|Any CPU
	EndGlobalSection
	GlobalSection(ProjectConfigurationPlatforms) = postSolution
		{93CD787A-B439-470A-9E5B-82E7B5489E56}.Debug|Any CPU.ActiveCfg = Debug|Any CPU
		{93CD787A-B439-470A-9E5B-82E7B5489E56}.Debug|Any CPU.Build.0 = Debug|Any CPU
		{93CD787A-B439-470A-9E5B-82E7B5489E56}.Release|Any CPU.ActiveCfg = Release|Any CPU
		{93CD787A-B439-470A-9E5B-82E7B5489E56}.Release|Any CPU.Build.0 = Release|Any CPU
	EndGlobalSection
	GlobalSection(SolutionProperties) = preSolution
		HideSolutionNode = FALSE
	EndGlobalSection
	GlobalSection(ExtensibilityGlobals) = postSolution
		SolutionGuid = {E722A255-9DD3-4D0A-97B5-E4CC37AB8B4E}
	EndGlobalSection
EndGlobal
